// !$*UTF8*$!
{
	archiveVersion = 1;
	classes = {
	};
	objectVersion = 48;
	objects = {

/* Begin PBXBuildFile section */
		C6153C93206DDFE1000DAFA3 /* AppDelegate.swift in Sources */ = {isa = PBXBuildFile; fileRef = C6153C92206DDFE1000DAFA3 /* AppDelegate.swift */; };
		C6153C98206DDFE1000DAFA3 /* Main.storyboard in Resources */ = {isa = PBXBuildFile; fileRef = C6153C96206DDFE1000DAFA3 /* Main.storyboard */; };
		C6153C9A206DDFE1000DAFA3 /* Assets.xcassets in Resources */ = {isa = PBXBuildFile; fileRef = C6153C99206DDFE1000DAFA3 /* Assets.xcassets */; };
		C6153C9D206DDFE1000DAFA3 /* LaunchScreen.storyboard in Resources */ = {isa = PBXBuildFile; fileRef = C6153C9B206DDFE1000DAFA3 /* LaunchScreen.storyboard */; };
		C6153CA5206DE126000DAFA3 /* ItemsViewController.swift in Sources */ = {isa = PBXBuildFile; fileRef = C6153CA4206DE126000DAFA3 /* ItemsViewController.swift */; };
		C6153CA7206DE343000DAFA3 /* Item.swift in Sources */ = {isa = PBXBuildFile; fileRef = C6153CA6206DE343000DAFA3 /* Item.swift */; };
/* End PBXBuildFile section */

/* Begin PBXFileReference section */
		C6153C8F206DDFE1000DAFA3 /* HomepwnerSecondTime.app */ = {isa = PBXFileReference; explicitFileType = wrapper.application; includeInIndex = 0; path = HomepwnerSecondTime.app; sourceTree = BUILT_PRODUCTS_DIR; };
		C6153C92206DDFE1000DAFA3 /* AppDelegate.swift */ = {isa = PBXFileReference; lastKnownFileType = sourcecode.swift; path = AppDelegate.swift; sourceTree = "<group>"; };
		C6153C97206DDFE1000DAFA3 /* Base */ = {isa = PBXFileReference; lastKnownFileType = file.storyboard; name = Base; path = Base.lproj/Main.storyboard; sourceTree = "<group>"; };
		C6153C99206DDFE1000DAFA3 /* Assets.xcassets */ = {isa = PBXFileReference; lastKnownFileType = folder.assetcatalog; path = Assets.xcassets; sourceTree = "<group>"; };
		C6153C9C206DDFE1000DAFA3 /* Base */ = {isa = PBXFileReference; lastKnownFileType = file.storyboard; name = Base; path = Base.lproj/LaunchScreen.storyboard; sourceTree = "<group>"; };
		C6153C9E206DDFE1000DAFA3 /* Info.plist */ = {isa = PBXFileReference; lastKnownFileType = text.plist.xml; path = Info.plist; sourceTree = "<group>"; };
		C6153CA4206DE126000DAFA3 /* ItemsViewController.swift */ = {isa = PBXFileReference; lastKnownFileType = sourcecode.swift; path = ItemsViewController.swift; sourceTree = "<group>"; };
		C6153CA6206DE343000DAFA3 /* Item.swift */ = {isa = PBXFileReference; lastKnownFileType = sourcecode.swift; path = Item.swift; sourceTree = "<group>"; };
/* End PBXFileReference section */

/* Begin PBXFrameworksBuildPhase section */
		C6153C8C206DDFE1000DAFA3 /* Frameworks */ = {
			isa = PBXFrameworksBuildPhase;
			buildActionMask = 2147483647;
			files = (
			);
			runOnlyForDeploymentPostprocessing = 0;
		};
/* End PBXFrameworksBuildPhase section */

/* Begin PBXGroup section */
		C6153C86206DDFE1000DAFA3 = {
			isa = PBXGroup;
			children = (
				C6153CA6206DE343000DAFA3 /* Item.swift */,
				C6153CA4206DE126000DAFA3 /* ItemsViewController.swift */,
				C6153C91206DDFE1000DAFA3 /* HomepwnerSecondTime */,
				C6153C90206DDFE1000DAFA3 /* Products */,
			);
			sourceTree = "<group>";
		};
		C6153C90206DDFE1000DAFA3 /* Products */ = {
			isa = PBXGroup;
			children = (
				C6153C8F206DDFE1000DAFA3 /* HomepwnerSecondTime.app */,
			);
			name = Products;
			sourceTree = "<group>";
		};
		C6153C91206DDFE1000DAFA3 /* HomepwnerSecondTime */ = {
			isa = PBXGroup;
			children = (
				C6153C92206DDFE1000DAFA3 /* AppDelegate.swift */,
				C6153C96206DDFE1000DAFA3 /* Main.storyboard */,
				C6153C99206DDFE1000DAFA3 /* Assets.xcassets */,
				C6153C9B206DDFE1000DAFA3 /* LaunchScreen.storyboard */,
				C6153C9E206DDFE1000DAFA3 /* Info.plist */,
			);
			path = HomepwnerSecondTime;
			sourceTree = "<group>";
		};
/* End PBXGroup section */

/* Begin PBXNativeTarget section */
		C6153C8E206DDFE1000DAFA3 /* HomepwnerSecondTime */ = {
			isa = PBXNativeTarget;
			buildConfigurationList = C6153CA1206DDFE1000DAFA3 /* Build configuration list for PBXNativeTarget "HomepwnerSecondTime" */;
			buildPhases = (
				C6153C8B206DDFE1000DAFA3 /* Sources */,
				C6153C8C206DDFE1000DAFA3 /* Frameworks */,
				C6153C8D206DDFE1000DAFA3 /* Resources */,
			);
			buildRules = (
			);
			dependencies = (
			);
			name = HomepwnerSecondTime;
			productName = HomepwnerSecondTime;
			productReference = C6153C8F206DDFE1000DAFA3 /* HomepwnerSecondTime.app */;
			productType = "com.apple.product-type.application";
		};
/* End PBXNativeTarget section */

/* Begin PBXProject section */
		C6153C87206DDFE1000DAFA3 /* Project object */ = {
			isa = PBXProject;
			attributes = {
				LastSwiftUpdateCheck = 0920;
				LastUpgradeCheck = 0920;
				ORGANIZATIONNAME = "Laurence Wingo";
				TargetAttributes = {
					C6153C8E206DDFE1000DAFA3 = {
						CreatedOnToolsVersion = 9.2;
						ProvisioningStyle = Automatic;
					};
				};
			};
			buildConfigurationList = C6153C8A206DDFE1000DAFA3 /* Build configuration list for PBXProject "HomepwnerSecondTime" */;
			compatibilityVersion = "Xcode 8.0";
			developmentRegion = en;
			hasScannedForEncodings = 0;
			knownRegions = (
				en,
				Base,
			);
			mainGroup = C6153C86206DDFE1000DAFA3;
			productRefGroup = C6153C90206DDFE1000DAFA3 /* Products */;
			projectDirPath = "";
			projectRoot = "";
			targets = (
				C6153C8E206DDFE1000DAFA3 /* HomepwnerSecondTime */,
			);
		};
/* End PBXProject section */

/* Begin PBXResourcesBuildPhase section */
		C6153C8D206DDFE1000DAFA3 /* Resources */ = {
			isa = PBXResourcesBuildPhase;
			buildActionMask = 2147483647;
			files = (
				C6153C9D206DDFE1000DAFA3 /* LaunchScreen.storyboard in Resources */,
				C6153C9A206DDFE1000DAFA3 /* Assets.xcassets in Resources */,
				C6153C98206DDFE1000DAFA3 /* Main.storyboard in Resources */,
			);
			runOnlyForDeploymentPostprocessing = 0;
		};
/* End PBXResourcesBuildPhase section */

/* Begin PBXSourcesBuildPhase section */
		C6153C8B206DDFE1000DAFA3 /* Sources */ = {
			isa = PBXSourcesBuildPhase;
			buildActionMask = 2147483647;
			files = (
				C6153CA5206DE126000DAFA3 /* ItemsViewController.swift in Sources */,
				C6153CA7206DE343000DAFA3 /* Item.swift in Sources */,
				C6153C93206DDFE1000DAFA3 /* AppDelegate.swift in Sources */,
			);
			runOnlyForDeploymentPostprocessing = 0;
		};
/* End PBXSourcesBuildPhase section */

/* Begin PBXVariantGroup section */
		C6153C96206DDFE1000DAFA3 /* Main.storyboard */ = {
			isa = PBXVariantGroup;
			children = (
				C6153C97206DDFE1000DAFA3 /* Base */,
			);
			name = Main.storyboard;
			sourceTree = "<group>";
		};
		C6153C9B206DDFE1000DAFA3 /* LaunchScreen.storyboard */ = {
			isa = PBXVariantGroup;
			children = (
				C6153C9C206DDFE1000DAFA3 /* Base */,
			);
			name = LaunchScreen.storyboard;
			sourceTree = "<group>";
		};
/* End PBXVariantGroup section */

/* Begin XCBuildConfiguration section */
		C6153C9F206DDFE1000DAFA3 /* Debug */ = {
			isa = XCBuildConfiguration;
			buildSettings = {
				ALWAYS_SEARCH_USER_PATHS = NO;
				CLANG_ANALYZER_NONNULL = YES;
				CLANG_ANALYZER_NUMBER_OBJECT_CONVERSION = YES_AGGRESSIVE;
				CLANG_CXX_LANGUAGE_STANDARD = "gnu++14";
				CLANG_CXX_LIBRARY = "libc++";
				CLANG_ENABLE_MODULES = YES;
				CLANG_ENABLE_OBJC_ARC = YES;
				CLANG_WARN_BLOCK_CAPTURE_AUTORELEASING = YES;
				CLANG_WARN_BOOL_CONVERSION = YES;
				CLANG_WARN_COMMA = YES;
				CLANG_WARN_CONSTANT_CONVERSION = YES;
				CLANG_WARN_DIRECT_OBJC_ISA_USAGE = YES_ERROR;
				CLANG_WARN_DOCUMENTATION_COMMENTS = YES;
				CLANG_WARN_EMPTY_BODY = YES;
				CLANG_WARN_ENUM_CONVERSION = YES;
				CLANG_WARN_INFINITE_RECURSION = YES;
				CLANG_WARN_INT_CONVERSION = YES;
				CLANG_WARN_NON_LITERAL_NULL_CONVERSION = YES;
				CLANG_WARN_OBJC_LITERAL_CONVERSION = YES;
				CLANG_WARN_OBJC_ROOT_CLASS = YES_ERROR;
				CLANG_WARN_RANGE_LOOP_ANALYSIS = YES;
				CLANG_WARN_STRICT_PROTOTYPES = YES;
				CLANG_WARN_SUSPICIOUS_MOVE = YES;
				CLANG_WARN_UNGUARDED_AVAILABILITY = YES_AGGRESSIVE;
				CLANG_WARN_UNREACHABLE_CODE = YES;
				CLANG_WARN__DUPLICATE_METHOD_MATCH = YES;
				CODE_SIGN_IDENTITY = "iPhone Developer";
				COPY_PHASE_STRIP = NO;
				DEBUG_INFORMATION_FORMAT = dwarf;
				ENABLE_STRICT_OBJC_MSGSEND = YES;
				ENABLE_TESTABILITY = YES;
				GCC_C_LANGUAGE_STANDARD = gnu11;
				GCC_DYNAMIC_NO_PIC = NO;
				GCC_NO_COMMON_BLOCKS = YES;
				GCC_OPTIMIZATION_LEVEL = 0;
				GCC_PREPROCESSOR_DEFINITIONS = (
					"DEBUG=1",
					"$(inherited)",
				);
				GCC_WARN_64_TO_32_BIT_CONVERSION = YES;
				GCC_WARN_ABOUT_RETURN_TYPE = YES_ERROR;
				GCC_WARN_UNDECLARED_SELECTOR = YES;
				GCC_WARN_UNINITIALIZED_AUTOS = YES_AGGRESSIVE;
				GCC_WARN_UNUSED_FUNCTION = YES;
				GCC_WARN_UNUSED_VARIABLE = YES;
				IPHONEOS_DEPLOYMENT_TARGET = 11.2;
				MTL_ENABLE_DEBUG_INFO = YES;
				ONLY_ACTIVE_ARCH = YES;
				SDKROOT = iphoneos;
				SWIFT_ACTIVE_COMPILATION_CONDITIONS = DEBUG;
				SWIFT_OPTIMIZATION_LEVEL = "-Onone";
			};
			name = Debug;
		};
		C6153CA0206DDFE1000DAFA3 /* Release */ = {
			isa = XCBuildConfiguration;
			buildSettings = {
				ALWAYS_SEARCH_USER_PATHS = NO;
				CLANG_ANALYZER_NONNULL = YES;
				CLANG_ANALYZER_NUMBER_OBJECT_CONVERSION = YES_AGGRESSIVE;
				CLANG_CXX_LANGUAGE_STANDARD = "gnu++14";
				CLANG_CXX_LIBRARY = "libc++";
				CLANG_ENABLE_MODULES = YES;
				CLANG_ENABLE_OBJC_ARC = YES;
				CLANG_WARN_BLOCK_CAPTURE_AUTORELEASING = YES;
				CLANG_WARN_BOOL_CONVERSION = YES;
				CLANG_WARN_COMMA = YES;
				CLANG_WARN_CONSTANT_CONVERSION = YES;
				CLANG_WARN_DIRECT_OBJC_ISA_USAGE = YES_ERROR;
				CLANG_WARN_DOCUMENTATION_COMMENTS = YES;
				CLANG_WARN_EMPTY_BODY = YES;
				CLANG_WARN_ENUM_CONVERSION = YES;
				CLANG_WARN_INFINITE_RECURSION = YES;
				CLANG_WARN_INT_CONVERSION = YES;
				CLANG_WARN_NON_LITERAL_NULL_CONVERSION = YES;
				CLANG_WARN_OBJC_LITERAL_CONVERSION = YES;
				CLANG_WARN_OBJC_ROOT_CLASS = YES_ERROR;
				CLANG_WARN_RANGE_LOOP_ANALYSIS = YES;
				CLANG_WARN_STRICT_PROTOTYPES = YES;
				CLANG_WARN_SUSPICIOUS_MOVE = YES;
				CLANG_WARN_UNGUARDED_AVAILABILITY = YES_AGGRESSIVE;
				CLANG_WARN_UNREACHABLE_CODE = YES;
				CLANG_WARN__DUPLICATE_METHOD_MATCH = YES;
				CODE_SIGN_IDENTITY = "iPhone Developer";
				COPY_PHASE_STRIP = NO;
				DEBUG_INFORMATION_FORMAT = "dwarf-with-dsym";
				ENABLE_NS_ASSERTIONS = NO;
				ENABLE_STRICT_OBJC_MSGSEND = YES;
				GCC_C_LANGUAGE_STANDARD = gnu11;
				GCC_NO_COMMON_BLOCKS = YES;
				GCC_WARN_64_TO_32_BIT_CONVERSION = YES;
				GCC_WARN_ABOUT_RETURN_TYPE = YES_ERROR;
				GCC_WARN_UNDECLARED_SELECTOR = YES;
				GCC_WARN_UNINITIALIZED_AUTOS = YES_AGGRESSIVE;
				GCC_WARN_UNUSED_FUNCTION = YES;
				GCC_WARN_UNUSED_VARIABLE = YES;
				IPHONEOS_DEPLOYMENT_TARGET = 11.2;
				MTL_ENABLE_DEBUG_INFO = NO;
				SDKROOT = iphoneos;
				SWIFT_OPTIMIZATION_LEVEL = "-Owholemodule";
				VALIDATE_PRODUCT = YES;
			};
			name = Release;
		};
		C6153CA2206DDFE1000DAFA3 /* Debug */ = {
			isa = XCBuildConfiguration;
			buildSettings = {
				ASSETCATALOG_COMPILER_APPICON_NAME = AppIcon;
				CODE_SIGN_STYLE = Automatic;
				DEVELOPMENT_TEAM = ZMJGSJ72TL;
				INFOPLIST_FILE = HomepwnerSecondTime/Info.plist;
				LD_RUNPATH_SEARCH_PATHS = "$(inherited) @executable_path/Frameworks";
				PRODUCT_BUNDLE_IDENTIFIER = com.cosmicarrows.HomepwnerSecondTime;
				PRODUCT_NAME = "$(TARGET_NAME)";
				SWIFT_VERSION = 4.0;
				TARGETED_DEVICE_FAMILY = "1,2";
			};
			name = Debug;
		};
		C6153CA3206DDFE1000DAFA3 /* Release */ = {
			isa = XCBuildConfiguration;
			buildSettings = {
				ASSETCATALOG_COMPILER_APPICON_NAME = AppIcon;
				CODE_SIGN_STYLE = Automatic;
				DEVELOPMENT_TEAM = ZMJGSJ72TL;
				INFOPLIST_FILE = HomepwnerSecondTime/Info.plist;
				LD_RUNPATH_SEARCH_PATHS = "$(inherited) @executable_path/Frameworks";
				PRODUCT_BUNDLE_IDENTIFIER = com.cosmicarrows.HomepwnerSecondTime;
				PRODUCT_NAME = "$(TARGET_NAME)";
				SWIFT_VERSION = 4.0;
				TARGETED_DEVICE_FAMILY = "1,2";
			};
			name = Release;
		};
/* End XCBuildConfiguration section */

/* Begin XCConfigurationList section */
		C6153C8A206DDFE1000DAFA3 /* Build configuration list for PBXProject "HomepwnerSecondTime" */ = {
			isa = XCConfigurationList;
			buildConfigurations = (
				C6153C9F206DDFE1000DAFA3 /* Debug */,
				C6153CA0206DDFE1000DAFA3 /* Release */,
			);
			defaultConfigurationIsVisible = 0;
			defaultConfigurationName = Release;
		};
		C6153CA1206DDFE1000DAFA3 /* Build configuration list for PBXNativeTarget "HomepwnerSecondTime" */ = {
			isa = XCConfigurationList;
			buildConfigurations = (
				C6153CA2206DDFE1000DAFA3 /* Debug */,
				C6153CA3206DDFE1000DAFA3 /* Release */,
			);
			defaultConfigurationIsVisible = 0;
			defaultConfigurationName = Release;
		};
/* End XCConfigurationList section */
	};
	rootObject = C6153C87206DDFE1000DAFA3 /* Project object */;
}
